PODS:
  - GLMatrix (0.1.2)
  - Nimble (5.0.0)
  - Quick (0.10.0)

DEPENDENCIES:
  - GLMatrix (from `../`)
  - Nimble (~> 5.0.0)
  - Quick (= 0.10.0)

EXTERNAL SOURCES:
  GLMatrix:
    :path: "../"

SPEC CHECKSUMS:
  GLMatrix: a7f69b0278799b0c11675596fa49adfd4c3e34fc
  Nimble: 56fc9f5020effa2206de22c3dd910f4fb011b92f
  Quick: 5d290df1c69d5ee2f0729956dcf0fd9a30447eaa

PODFILE CHECKSUM: ce6b65b070bf89e9c62acdd600f587b4fdbe9ce3

COCOAPODS: 1.1.0.rc.1
